# This file is automatically @generated by Poetry 1.8.2 and should not be changed by hand.

[[package]]
name = "bashate"
version = "2.1.1"
description = "A pep8 equivalent for bash scripts"
optional = false
python-versions = ">=3.5"
files = [
    {file = "bashate-2.1.1-py3-none-any.whl", hash = "sha256:3104d565a7a0f7ee2cf4028cc584c723a202f52a8ddffe4a39b8cbb0ac5d3e94"},
    {file = "bashate-2.1.1.tar.gz", hash = "sha256:4bab6e977f8305a720535f8f93f1fb42c521fcbc4a6c2b3d3d7671f42f221f4c"},
]

[package.dependencies]
pbr = ">=2.0.0,<2.1.0 || >2.1.0"

[[package]]
name = "pbr"
version = "6.1.0"
description = "Python Build Reasonableness"
optional = false
python-versions = ">=2.6"
files = [
    {file = "pbr-6.1.0-py2.py3-none-any.whl", hash = "sha256:a776ae228892d8013649c0aeccbb3d5f99ee15e005a4cbb7e61d55a067b28a2a"},
    {file = "pbr-6.1.0.tar.gz", hash = "sha256:788183e382e3d1d7707db08978239965e8b9e4e5ed42669bf4758186734d5f24"},
]

[metadata]
lock-version = "2.0"
python-versions = "^3.10"
content-hash = "7687847fa76e8559fdf19f4133d016a9bbb2b33178be8d8274902ba52e73ce98"
